// !$*UTF8*$!
{
	archiveVersion = 1;
	classes = {
	};
	objectVersion = 56;
	objects = {

/* Begin PBXBuildFile section */
		5CA254EC2C46580200AB9301 /* AIMEApp.swift in Sources */ = {isa = PBXBuildFile; fileRef = 5CA254EB2C46580200AB9301 /* AIMEApp.swift */; };
		5CA254F22C46580300AB9301 /* Assets.xcassets in Resources */ = {isa = PBXBuildFile; fileRef = 5CA254F12C46580300AB9301 /* Assets.xcassets */; };
		5CA254F52C46580300AB9301 /* Preview Assets.xcassets in Resources */ = {isa = PBXBuildFile; fileRef = 5CA254F42C46580300AB9301 /* Preview Assets.xcassets */; };
		5CA254FD2C465B0F00AB9301 /* AppDelegate.swift in Sources */ = {isa = PBXBuildFile; fileRef = 5CA254FC2C465B0F00AB9301 /* AppDelegate.swift */; };
		5CA255002C467B7300AB9301 /* AppLog.swift in Sources */ = {isa = PBXBuildFile; fileRef = 5CA254FF2C467B7300AB9301 /* AppLog.swift */; };
		5CA255022C46864200AB9301 /* DemoView.swift in Sources */ = {isa = PBXBuildFile; fileRef = 5CA255012C46864200AB9301 /* DemoView.swift */; };
		5CA255042C46BAB300AB9301 /* Record.swift in Sources */ = {isa = PBXBuildFile; fileRef = 5CA255032C46BAB300AB9301 /* Record.swift */; };
		5CA255062C46BCA800AB9301 /* RecordStore.swift in Sources */ = {isa = PBXBuildFile; fileRef = 5CA255052C46BCA800AB9301 /* RecordStore.swift */; };
		5CD0B9FC2C4FDB3700B1AF02 /* SettingsView.swift in Sources */ = {isa = PBXBuildFile; fileRef = 5CD0B9FB2C4FDB3700B1AF02 /* SettingsView.swift */; };
		5CD0B9FE2C4FDD1E00B1AF02 /* StatusMenuView.swift in Sources */ = {isa = PBXBuildFile; fileRef = 5CD0B9FD2C4FDD1E00B1AF02 /* StatusMenuView.swift */; };
/* End PBXBuildFile section */

/* Begin PBXFileReference section */
		5CA254E82C46580200AB9301 /* AIME.app */ = {isa = PBXFileReference; explicitFileType = wrapper.application; includeInIndex = 0; path = AIME.app; sourceTree = BUILT_PRODUCTS_DIR; };
		5CA254EB2C46580200AB9301 /* AIMEApp.swift */ = {isa = PBXFileReference; lastKnownFileType = sourcecode.swift; path = AIMEApp.swift; sourceTree = "<group>"; };
		5CA254F12C46580300AB9301 /* Assets.xcassets */ = {isa = PBXFileReference; lastKnownFileType = folder.assetcatalog; path = Assets.xcassets; sourceTree = "<group>"; };
		5CA254F42C46580300AB9301 /* Preview Assets.xcassets */ = {isa = PBXFileReference; lastKnownFileType = folder.assetcatalog; path = "Preview Assets.xcassets"; sourceTree = "<group>"; };
		5CA254F62C46580300AB9301 /* AIME.entitlements */ = {isa = PBXFileReference; lastKnownFileType = text.plist.entitlements; path = AIME.entitlements; sourceTree = "<group>"; };
		5CA254FC2C465B0F00AB9301 /* AppDelegate.swift */ = {isa = PBXFileReference; lastKnownFileType = sourcecode.swift; path = AppDelegate.swift; sourceTree = "<group>"; };
		5CA254FF2C467B7300AB9301 /* AppLog.swift */ = {isa = PBXFileReference; lastKnownFileType = sourcecode.swift; path = AppLog.swift; sourceTree = "<group>"; };
		5CA255012C46864200AB9301 /* DemoView.swift */ = {isa = PBXFileReference; lastKnownFileType = sourcecode.swift; path = DemoView.swift; sourceTree = "<group>"; };
		5CA255032C46BAB300AB9301 /* Record.swift */ = {isa = PBXFileReference; lastKnownFileType = sourcecode.swift; path = Record.swift; sourceTree = "<group>"; };
		5CA255052C46BCA800AB9301 /* RecordStore.swift */ = {isa = PBXFileReference; lastKnownFileType = sourcecode.swift; path = RecordStore.swift; sourceTree = "<group>"; };
		5CD0B9FB2C4FDB3700B1AF02 /* SettingsView.swift */ = {isa = PBXFileReference; lastKnownFileType = sourcecode.swift; path = SettingsView.swift; sourceTree = "<group>"; };
		5CD0B9FD2C4FDD1E00B1AF02 /* StatusMenuView.swift */ = {isa = PBXFileReference; lastKnownFileType = sourcecode.swift; path = StatusMenuView.swift; sourceTree = "<group>"; };
/* End PBXFileReference section */

/* Begin PBXFrameworksBuildPhase section */
		5CA254E52C46580200AB9301 /* Frameworks */ = {
			isa = PBXFrameworksBuildPhase;
			buildActionMask = 2147483647;
			files = (
			);
			runOnlyForDeploymentPostprocessing = 0;
		};
/* End PBXFrameworksBuildPhase section */

/* Begin PBXGroup section */
		5CA254DF2C46580200AB9301 = {
			isa = PBXGroup;
			children = (
				5CA254EA2C46580200AB9301 /* AIME */,
				5CA254E92C46580200AB9301 /* Products */,
			);
			sourceTree = "<group>";
		};
		5CA254E92C46580200AB9301 /* Products */ = {
			isa = PBXGroup;
			children = (
				5CA254E82C46580200AB9301 /* AIME.app */,
			);
			name = Products;
			sourceTree = "<group>";
		};
		5CA254EA2C46580200AB9301 /* AIME */ = {
			isa = PBXGroup;
			children = (
				5CA254FE2C467B5400AB9301 /* shared */,
				5CA254EB2C46580200AB9301 /* AIMEApp.swift */,
				5CA254FC2C465B0F00AB9301 /* AppDelegate.swift */,
				5CD0B9FB2C4FDB3700B1AF02 /* SettingsView.swift */,
				5CD0B9FD2C4FDD1E00B1AF02 /* StatusMenuView.swift */,
				5CA255012C46864200AB9301 /* DemoView.swift */,
				5CA254F12C46580300AB9301 /* Assets.xcassets */,
				5CA254F62C46580300AB9301 /* AIME.entitlements */,
				5CA254F32C46580300AB9301 /* Preview Content */,
			);
			path = AIME;
			sourceTree = "<group>";
		};
		5CA254F32C46580300AB9301 /* Preview Content */ = {
			isa = PBXGroup;
			children = (
				5CA254F42C46580300AB9301 /* Preview Assets.xcassets */,
			);
			path = "Preview Content";
			sourceTree = "<group>";
		};
		5CA254FE2C467B5400AB9301 /* shared */ = {
			isa = PBXGroup;
			children = (
				5CA254FF2C467B7300AB9301 /* AppLog.swift */,
				5CA255032C46BAB300AB9301 /* Record.swift */,
				5CA255052C46BCA800AB9301 /* RecordStore.swift */,
			);
			path = shared;
			sourceTree = "<group>";
		};
/* End PBXGroup section */

/* Begin PBXNativeTarget section */
		5CA254E72C46580200AB9301 /* AIME */ = {
			isa = PBXNativeTarget;
			buildConfigurationList = 5CA254F92C46580300AB9301 /* Build configuration list for PBXNativeTarget "AIME" */;
			buildPhases = (
				5CA254E42C46580200AB9301 /* Sources */,
				5CA254E52C46580200AB9301 /* Frameworks */,
				5CA254E62C46580200AB9301 /* Resources */,
			);
			buildRules = (
			);
			dependencies = (
			);
			name = AIME;
			productName = AIME;
			productReference = 5CA254E82C46580200AB9301 /* AIME.app */;
			productType = "com.apple.product-type.application";
		};
/* End PBXNativeTarget section */

/* Begin PBXProject section */
		5CA254E02C46580200AB9301 /* Project object */ = {
			isa = PBXProject;
			attributes = {
				BuildIndependentTargetsInParallel = 1;
				LastSwiftUpdateCheck = 1540;
				LastUpgradeCheck = 1540;
				TargetAttributes = {
					5CA254E72C46580200AB9301 = {
						CreatedOnToolsVersion = 15.4;
					};
				};
			};
			buildConfigurationList = 5CA254E32C46580200AB9301 /* Build configuration list for PBXProject "AIME" */;
			compatibilityVersion = "Xcode 14.0";
			developmentRegion = en;
			hasScannedForEncodings = 0;
			knownRegions = (
				en,
				Base,
			);
			mainGroup = 5CA254DF2C46580200AB9301;
			productRefGroup = 5CA254E92C46580200AB9301 /* Products */;
			projectDirPath = "";
			projectRoot = "";
			targets = (
				5CA254E72C46580200AB9301 /* AIME */,
			);
		};
/* End PBXProject section */

/* Begin PBXResourcesBuildPhase section */
		5CA254E62C46580200AB9301 /* Resources */ = {
			isa = PBXResourcesBuildPhase;
			buildActionMask = 2147483647;
			files = (
				5CA254F52C46580300AB9301 /* Preview Assets.xcassets in Resources */,
				5CA254F22C46580300AB9301 /* Assets.xcassets in Resources */,
			);
			runOnlyForDeploymentPostprocessing = 0;
		};
/* End PBXResourcesBuildPhase section */

/* Begin PBXSourcesBuildPhase section */
		5CA254E42C46580200AB9301 /* Sources */ = {
			isa = PBXSourcesBuildPhase;
			buildActionMask = 2147483647;
			files = (
				5CA255062C46BCA800AB9301 /* RecordStore.swift in Sources */,
				5CD0B9FE2C4FDD1E00B1AF02 /* StatusMenuView.swift in Sources */,
				5CA254FD2C465B0F00AB9301 /* AppDelegate.swift in Sources */,
				5CD0B9FC2C4FDB3700B1AF02 /* SettingsView.swift in Sources */,
				5CA255022C46864200AB9301 /* DemoView.swift in Sources */,
				5CA255002C467B7300AB9301 /* AppLog.swift in Sources */,
				5CA255042C46BAB300AB9301 /* Record.swift in Sources */,
				5CA254EC2C46580200AB9301 /* AIMEApp.swift in Sources */,
			);
			runOnlyForDeploymentPostprocessing = 0;
		};
/* End PBXSourcesBuildPhase section */

/* Begin XCBuildConfiguration section */
		5CA254F72C46580300AB9301 /* Debug */ = {
			isa = XCBuildConfiguration;
			buildSettings = {
				ALWAYS_SEARCH_USER_PATHS = NO;
				ASSETCATALOG_COMPILER_GENERATE_SWIFT_ASSET_SYMBOL_EXTENSIONS = YES;
				CLANG_ANALYZER_NONNULL = YES;
				CLANG_ANALYZER_NUMBER_OBJECT_CONVERSION = YES_AGGRESSIVE;
				CLANG_CXX_LANGUAGE_STANDARD = "gnu++20";
				CLANG_ENABLE_MODULES = YES;
				CLANG_ENABLE_OBJC_ARC = YES;
				CLANG_ENABLE_OBJC_WEAK = YES;
				CLANG_WARN_BLOCK_CAPTURE_AUTORELEASING = YES;
				CLANG_WARN_BOOL_CONVERSION = YES;
				CLANG_WARN_COMMA = YES;
				CLANG_WARN_CONSTANT_CONVERSION = YES;
				CLANG_WARN_DEPRECATED_OBJC_IMPLEMENTATIONS = YES;
				CLANG_WARN_DIRECT_OBJC_ISA_USAGE = YES_ERROR;
				CLANG_WARN_DOCUMENTATION_COMMENTS = YES;
				CLANG_WARN_EMPTY_BODY = YES;
				CLANG_WARN_ENUM_CONVERSION = YES;
				CLANG_WARN_INFINITE_RECURSION = YES;
				CLANG_WARN_INT_CONVERSION = YES;
				CLANG_WARN_NON_LITERAL_NULL_CONVERSION = YES;
				CLANG_WARN_OBJC_IMPLICIT_RETAIN_SELF = YES;
				CLANG_WARN_OBJC_LITERAL_CONVERSION = YES;
				CLANG_WARN_OBJC_ROOT_CLASS = YES_ERROR;
				CLANG_WARN_QUOTED_INCLUDE_IN_FRAMEWORK_HEADER = YES;
				CLANG_WARN_RANGE_LOOP_ANALYSIS = YES;
				CLANG_WARN_STRICT_PROTOTYPES = YES;
				CLANG_WARN_SUSPICIOUS_MOVE = YES;
				CLANG_WARN_UNGUARDED_AVAILABILITY = YES_AGGRESSIVE;
				CLANG_WARN_UNREACHABLE_CODE = YES;
				CLANG_WARN__DUPLICATE_METHOD_MATCH = YES;
				COPY_PHASE_STRIP = NO;
				DEAD_CODE_STRIPPING = YES;
				DEBUG_INFORMATION_FORMAT = dwarf;
				ENABLE_STRICT_OBJC_MSGSEND = YES;
				ENABLE_TESTABILITY = YES;
				ENABLE_USER_SCRIPT_SANDBOXING = YES;
				GCC_C_LANGUAGE_STANDARD = gnu17;
				GCC_DYNAMIC_NO_PIC = NO;
				GCC_NO_COMMON_BLOCKS = YES;
				GCC_OPTIMIZATION_LEVEL = 0;
				GCC_PREPROCESSOR_DEFINITIONS = (
					"DEBUG=1",
					"$(inherited)",
				);
				GCC_WARN_64_TO_32_BIT_CONVERSION = YES;
				GCC_WARN_ABOUT_RETURN_TYPE = YES_ERROR;
				GCC_WARN_UNDECLARED_SELECTOR = YES;
				GCC_WARN_UNINITIALIZED_AUTOS = YES_AGGRESSIVE;
				GCC_WARN_UNUSED_FUNCTION = YES;
				GCC_WARN_UNUSED_VARIABLE = YES;
				LOCALIZATION_PREFERS_STRING_CATALOGS = YES;
				MACOSX_DEPLOYMENT_TARGET = 14.0;
				MTL_ENABLE_DEBUG_INFO = INCLUDE_SOURCE;
				MTL_FAST_MATH = YES;
				ONLY_ACTIVE_ARCH = YES;
				SDKROOT = macosx;
				SWIFT_ACTIVE_COMPILATION_CONDITIONS = "DEBUG $(inherited)";
				SWIFT_OPTIMIZATION_LEVEL = "-Onone";
			};
			name = Debug;
		};
		5CA254F82C46580300AB9301 /* Release */ = {
			isa = XCBuildConfiguration;
			buildSettings = {
				ALWAYS_SEARCH_USER_PATHS = NO;
				ASSETCATALOG_COMPILER_GENERATE_SWIFT_ASSET_SYMBOL_EXTENSIONS = YES;
				CLANG_ANALYZER_NONNULL = YES;
				CLANG_ANALYZER_NUMBER_OBJECT_CONVERSION = YES_AGGRESSIVE;
				CLANG_CXX_LANGUAGE_STANDARD = "gnu++20";
				CLANG_ENABLE_MODULES = YES;
				CLANG_ENABLE_OBJC_ARC = YES;
				CLANG_ENABLE_OBJC_WEAK = YES;
				CLANG_WARN_BLOCK_CAPTURE_AUTORELEASING = YES;
				CLANG_WARN_BOOL_CONVERSION = YES;
				CLANG_WARN_COMMA = YES;
				CLANG_WARN_CONSTANT_CONVERSION = YES;
				CLANG_WARN_DEPRECATED_OBJC_IMPLEMENTATIONS = YES;
				CLANG_WARN_DIRECT_OBJC_ISA_USAGE = YES_ERROR;
				CLANG_WARN_DOCUMENTATION_COMMENTS = YES;
				CLANG_WARN_EMPTY_BODY = YES;
				CLANG_WARN_ENUM_CONVERSION = YES;
				CLANG_WARN_INFINITE_RECURSION = YES;
				CLANG_WARN_INT_CONVERSION = YES;
				CLANG_WARN_NON_LITERAL_NULL_CONVERSION = YES;
				CLANG_WARN_OBJC_IMPLICIT_RETAIN_SELF = YES;
				CLANG_WARN_OBJC_LITERAL_CONVERSION = YES;
				CLANG_WARN_OBJC_ROOT_CLASS = YES_ERROR;
				CLANG_WARN_QUOTED_INCLUDE_IN_FRAMEWORK_HEADER = YES;
				CLANG_WARN_RANGE_LOOP_ANALYSIS = YES;
				CLANG_WARN_STRICT_PROTOTYPES = YES;
				CLANG_WARN_SUSPICIOUS_MOVE = YES;
				CLANG_WARN_UNGUARDED_AVAILABILITY = YES_AGGRESSIVE;
				CLANG_WARN_UNREACHABLE_CODE = YES;
				CLANG_WARN__DUPLICATE_METHOD_MATCH = YES;
				COPY_PHASE_STRIP = NO;
				DEAD_CODE_STRIPPING = YES;
				DEBUG_INFORMATION_FORMAT = "dwarf-with-dsym";
				ENABLE_NS_ASSERTIONS = NO;
				ENABLE_STRICT_OBJC_MSGSEND = YES;
				ENABLE_USER_SCRIPT_SANDBOXING = YES;
				GCC_C_LANGUAGE_STANDARD = gnu17;
				GCC_NO_COMMON_BLOCKS = YES;
				GCC_WARN_64_TO_32_BIT_CONVERSION = YES;
				GCC_WARN_ABOUT_RETURN_TYPE = YES_ERROR;
				GCC_WARN_UNDECLARED_SELECTOR = YES;
				GCC_WARN_UNINITIALIZED_AUTOS = YES_AGGRESSIVE;
				GCC_WARN_UNUSED_FUNCTION = YES;
				GCC_WARN_UNUSED_VARIABLE = YES;
				INFOPLIST_KEY_LSUIElement = NO;
				LOCALIZATION_PREFERS_STRING_CATALOGS = YES;
				MACOSX_DEPLOYMENT_TARGET = 14.0;
				MTL_ENABLE_DEBUG_INFO = NO;
				MTL_FAST_MATH = YES;
				ONLY_ACTIVE_ARCH = YES;
				SDKROOT = macosx;
				SWIFT_COMPILATION_MODE = wholemodule;
			};
			name = Release;
		};
		5CA254FA2C46580300AB9301 /* Debug */ = {
			isa = XCBuildConfiguration;
			buildSettings = {
				ASSETCATALOG_COMPILER_APPICON_NAME = AppIcon;
				ASSETCATALOG_COMPILER_GLOBAL_ACCENT_COLOR_NAME = AccentColor;
				ASSETCATALOG_COMPILER_INCLUDE_ALL_APPICON_ASSETS = YES;
				CODE_SIGN_ENTITLEMENTS = AIME/AIME.entitlements;
				"CODE_SIGN_IDENTITY[sdk=macosx*]" = "Apple Development";
				CODE_SIGN_STYLE = Automatic;
				COMBINE_HIDPI_IMAGES = YES;
				CURRENT_PROJECT_VERSION = 5;
				DEAD_CODE_STRIPPING = YES;
				DEVELOPMENT_ASSET_PATHS = "\"AIME/Preview Content\"";
				DEVELOPMENT_TEAM = 4L3563XCBN;
				ENABLE_APP_SANDBOX = NO;
				ENABLE_HARDENED_RUNTIME = YES;
				ENABLE_PREVIEWS = YES;
				GENERATE_INFOPLIST_FILE = YES;
				INFOPLIST_KEY_CFBundleDisplayName = AIME;
				INFOPLIST_KEY_LSApplicationCategoryType = "public.app-category.utilities";
				INFOPLIST_KEY_LSUIElement = YES;
				INFOPLIST_KEY_NSHumanReadableCopyright = "";
				LD_RUNPATH_SEARCH_PATHS = (
					"$(inherited)",
					"@executable_path/../Frameworks",
				);
				MACOSX_DEPLOYMENT_TARGET = 14.0;
				MARKETING_VERSION = 1.0;
				PRODUCT_BUNDLE_IDENTIFIER = cn.wflixu.AIME;
				PRODUCT_NAME = "$(TARGET_NAME)";
				SWIFT_EMIT_LOC_STRINGS = YES;
				SWIFT_VERSION = 5.0;
			};
			name = Debug;
		};
		5CA254FB2C46580300AB9301 /* Release */ = {
			isa = XCBuildConfiguration;
			buildSettings = {
				ASSETCATALOG_COMPILER_APPICON_NAME = AppIcon;
				ASSETCATALOG_COMPILER_GLOBAL_ACCENT_COLOR_NAME = AccentColor;
				ASSETCATALOG_COMPILER_INCLUDE_ALL_APPICON_ASSETS = YES;
				CODE_SIGN_ENTITLEMENTS = AIME/AIME.entitlements;
				"CODE_SIGN_IDENTITY[sdk=macosx*]" = "Apple Development";
				CODE_SIGN_STYLE = Automatic;
				COMBINE_HIDPI_IMAGES = YES;
				CURRENT_PROJECT_VERSION = 5;
				DEAD_CODE_STRIPPING = YES;
				DEVELOPMENT_ASSET_PATHS = "\"AIME/Preview Content\"";
				DEVELOPMENT_TEAM = 4L3563XCBN;
				ENABLE_APP_SANDBOX = NO;
				ENABLE_HARDENED_RUNTIME = YES;
				ENABLE_PREVIEWS = YES;
				GENERATE_INFOPLIST_FILE = YES;
				INFOPLIST_KEY_CFBundleDisplayName = AIME;
				INFOPLIST_KEY_LSApplicationCategoryType = "public.app-category.utilities";
				INFOPLIST_KEY_LSUIElement = YES;
				INFOPLIST_KEY_NSHumanReadableCopyright = "";
				LD_RUNPATH_SEARCH_PATHS = (
					"$(inherited)",
					"@executable_path/../Frameworks",
				);
				MACOSX_DEPLOYMENT_TARGET = 14.0;
				MARKETING_VERSION = 1.0;
				PRODUCT_BUNDLE_IDENTIFIER = cn.wflixu.AIME;
				PRODUCT_NAME = "$(TARGET_NAME)";
				SWIFT_EMIT_LOC_STRINGS = YES;
				SWIFT_VERSION = 5.0;
			};
			name = Release;
		};
/* End XCBuildConfiguration section */

/* Begin XCConfigurationList section */
		5CA254E32C46580200AB9301 /* Build configuration list for PBXProject "AIME" */ = {
			isa = XCConfigurationList;
			buildConfigurations = (
				5CA254F72C46580300AB9301 /* Debug */,
				5CA254F82C46580300AB9301 /* Release */,
			);
			defaultConfigurationIsVisible = 0;
			defaultConfigurationName = Release;
		};
		5CA254F92C46580300AB9301 /* Build configuration list for PBXNativeTarget "AIME" */ = {
			isa = XCConfigurationList;
			buildConfigurations = (
				5CA254FA2C46580300AB9301 /* Debug */,
				5CA254FB2C46580300AB9301 /* Release */,
			);
			defaultConfigurationIsVisible = 0;
			defaultConfigurationName = Release;
		};
/* End XCConfigurationList section */
	};
	rootObject = 5CA254E02C46580200AB9301 /* Project object */;
}
